{
  "name": "asset-dashboard",
  "lockfileVersion": 3,
  "requires": true,
  "packages": {
    "": {
      "dependencies": {
        "@tanstack/react-query": "^5.101.4",
        "@tanstack/react-query-devtools": "^5.101.4"
      }
    },
    "node_modules/@tanstack/query-core": {
      "version": "5.101.4",
      "resolved": "https://registry.npmjs.org/@tanstack/query-core/-/query-core-5.101.4.tgz",
      "integrity": "sha512-gNwcvOJcRbLWPOLG/2OBm+zM+Yv+MKsXKEOWC57USuZDEsI71hEErQsiEGx5wX9rzWWkfwM0fVSPoiIFSsxfiw==",
      "license": "MIT",
      "funding": {
        "type": "github",
        "url": "https://github.com/sponsors/tannerlinsley"
      }
    },
    "node_modules/@tanstack/query-devtools": {
      "version": "5.101.4",
      "resolved": "https://registry.npmjs.org/@tanstack/query-devtools/-/query-devtools-5.101.4.tgz",
      "integrity": "sha512-z5IPHnDX3aUWeTWlRKLyooBQekaCAw4xRpZqPQ390RiWTDBcTynjpPT221BArw0u2+pnQMdGvPQI9YNNubBcmA==",
      "license": "MIT",
      "funding": {
        "type": "github",
        "url": "https://github.com/sponsors/tannerlinsley"
      }
    },
    "node_modules/@tanstack/react-query": {
      "version": "5.101.4",
      "resolved": "https://registry.npmjs.org/@tanstack/react-query/-/react-query-5.101.4.tgz",
      "integrity": "sha512-yRg2pfOCxIs4ZJW3XYYHU/WgtD04FHSnfHlpRT7h7pR77hwkdRG4wxbKe4aq6P0RvXUTBSQpQeadS1SUYUe+KA==",
      "license": "MIT",
      "dependencies": {
        "@tanstack/query-core": "5.101.4"
      },
      "funding": {
        "type": "github",
        "url": "https://github.com/sponsors/tannerlinsley"
      },
      "peerDependencies": {
        "react": "^18 || ^19"
      }
    },
    "node_modules/@tanstack/react-query-devtools": {
      "version": "5.101.4",
      "resolved": "https://registry.npmjs.org/@tanstack/react-query-devtools/-/react-query-devtools-5.101.4.tgz",
      "integrity": "sha512-VeK2gtmfj7kvRBjtxS7TKxt/6qKhn8VzabY4UiYMr7NV9CddjSRYRgeYyld+NpjAkgMV9dd+2Qdr8ah5I03NeA==",
      "license": "MIT",
      "dependencies": {
        "@tanstack/query-devtools": "5.101.4"
      },
      "funding": {
        "type": "github",
        "url": "https://github.com/sponsors/tannerlinsley"
      },
      "peerDependencies": {
        "@tanstack/react-query": "^5.101.4",
        "react": "^18 || ^19"
      }
    },
    "node_modules/react": {
      "version": "19.2.8",
      "resolved": "https://registry.npmjs.org/react/-/react-19.2.8.tgz",
      "integrity": "sha512-PWaYA1L/q9u2u7xYQi+Y3L3Yfnie7XyLeaJICV1MGD6LprsBxcAqGjYyr0eY3p+QdsA+x/Irkt4Qif8D63+Sbw==",
      "license": "MIT",
      "peer": true,
      "engines": {
        "node": ">=0.10.0"
      }
    }
  }
}
